
Microsoft Visual Studio Solution File, Format Version 12.00
# Visual Studio Version 17
VisualStudioVersion = 17.13.35806.99 d17.13
MinimumVisualStudioVersion = 10.0.40219.1
Project("{FAE04EC0-301F-11D3-BF4B-00C04F79EFBC}") = "Andrade_LigaPro", "Andrade_LigaPro\Andrade_LigaPro.csproj", "{DD2F67C4-E824-4F95-98FF-DCF232B45A59}"
EndProject
Global
	GlobalSection(SolutionConfigurationPlatforms) = preSolution
		Debug|Any CPU = Debug|Any CPU
		Release|Any CPU = Release|Any CPU
	EndGlobalSection
	GlobalSection(ProjectConfigurationPlatforms) = postSolution
		{DD2F67C4-E824-4F95-98FF-DCF232B45A59}.Debug|Any CPU.ActiveCfg = Debug|Any CPU
		{DD2F67C4-E824-4F95-98FF-DCF232B45A59}.Debug|Any CPU.Build.0 = Debug|Any CPU
		{DD2F67C4-E824-4F95-98FF-DCF232B45A59}.Release|Any CPU.ActiveCfg = Release|Any CPU
		{DD2F67C4-E824-4F95-98FF-DCF232B45A59}.Release|Any CPU.Build.0 = Release|Any CPU
	EndGlobalSection
	GlobalSection(SolutionProperties) = preSolution
		HideSolutionNode = FALSE
	EndGlobalSection
	GlobalSection(ExtensibilityGlobals) = postSolution
		SolutionGuid = {E903ECDF-F66D-4B02-AC48-470998F89DF5}
	EndGlobalSection
EndGlobal
